
Microsoft Visual Studio Solution File, Format Version 12.00
Project("{FAE04EC0-301F-11D3-BF4B-00C04F79EFBC}") = "MobTimer.Web", "MobTimer.Web\MobTimer.Web.csproj", "{29F251B0-5F1E-4477-A6ED-A729EA123BA9}"
EndProject
Project("{FAE04EC0-301F-11D3-BF4B-00C04F79EFBC}") = "MobTimer.Web.Tests", "MobTimer.Web.Tests\MobTimer.Web.Tests.csproj", "{916CD1F5-7EB1-4426-B63D-AB954621E05C}"
EndProject
Global
	GlobalSection(SolutionConfigurationPlatforms) = preSolution
		Debug|Any CPU = Debug|Any CPU
		Release|Any CPU = Release|Any CPU
	EndGlobalSection
	GlobalSection(ProjectConfigurationPlatforms) = postSolution
		{29F251B0-5F1E-4477-A6ED-A729EA123BA9}.Debug|Any CPU.ActiveCfg = Debug|Any CPU
		{29F251B0-5F1E-4477-A6ED-A729EA123BA9}.Debug|Any CPU.Build.0 = Debug|Any CPU
		{29F251B0-5F1E-4477-A6ED-A729EA123BA9}.Release|Any CPU.ActiveCfg = Release|Any CPU
		{29F251B0-5F1E-4477-A6ED-A729EA123BA9}.Release|Any CPU.Build.0 = Release|Any CPU
		{916CD1F5-7EB1-4426-B63D-AB954621E05C}.Debug|Any CPU.ActiveCfg = Debug|Any CPU
		{916CD1F5-7EB1-4426-B63D-AB954621E05C}.Debug|Any CPU.Build.0 = Debug|Any CPU
		{916CD1F5-7EB1-4426-B63D-AB954621E05C}.Release|Any CPU.ActiveCfg = Release|Any CPU
		{916CD1F5-7EB1-4426-B63D-AB954621E05C}.Release|Any CPU.Build.0 = Release|Any CPU
	EndGlobalSection
EndGlobal
